// !$*UTF8*$!
{
	archiveVersion = 1;
	classes = {
	};
	objectVersion = 48;
	objects = {

/* Begin PBXBuildFile section */
		082C51F620770D0A00324DCC /* AppDelegate.swift in Sources */ = {isa = PBXBuildFile; fileRef = 082C51F520770D0A00324DCC /* AppDelegate.swift */; };
		082C51F820770D0A00324DCC /* ViewController.swift in Sources */ = {isa = PBXBuildFile; fileRef = 082C51F720770D0A00324DCC /* ViewController.swift */; };
		082C51FB20770D0A00324DCC /* Main.storyboard in Resources */ = {isa = PBXBuildFile; fileRef = 082C51F920770D0A00324DCC /* Main.storyboard */; };
		082C51FD20770D0A00324DCC /* Assets.xcassets in Resources */ = {isa = PBXBuildFile; fileRef = 082C51FC20770D0A00324DCC /* Assets.xcassets */; };
		082C520020770D0A00324DCC /* LaunchScreen.storyboard in Resources */ = {isa = PBXBuildFile; fileRef = 082C51FE20770D0A00324DCC /* LaunchScreen.storyboard */; };
		082C520B20770D0A00324DCC /* ManufacturersUseCaseTests.swift in Sources */ = {isa = PBXBuildFile; fileRef = 082C520A20770D0A00324DCC /* ManufacturersUseCaseTests.swift */; };
		082C521920772DDD00324DCC /* ManufacturersList.swift in Sources */ = {isa = PBXBuildFile; fileRef = 082C521820772DDD00324DCC /* ManufacturersList.swift */; };
		082C521C2077301100324DCC /* Manufacturer.swift in Sources */ = {isa = PBXBuildFile; fileRef = 082C521B2077301100324DCC /* Manufacturer.swift */; };
		082C521E2079408000324DCC /* ManufacturersListImpl.swift in Sources */ = {isa = PBXBuildFile; fileRef = 082C521D2079408000324DCC /* ManufacturersListImpl.swift */; };
		082C52212079448D00324DCC /* ManufacturersListDataProvider.swift in Sources */ = {isa = PBXBuildFile; fileRef = 082C52202079448D00324DCC /* ManufacturersListDataProvider.swift */; };
		082C52252079465600324DCC /* UseCasesLocator.swift in Sources */ = {isa = PBXBuildFile; fileRef = 082C52242079465600324DCC /* UseCasesLocator.swift */; };
		082C5228207C6D5700324DCC /* MockManufacturersListDataProvider.swift in Sources */ = {isa = PBXBuildFile; fileRef = 082C5227207C6D5700324DCC /* MockManufacturersListDataProvider.swift */; };
		082C522B207C741D00324DCC /* manufacturers.json in Resources */ = {isa = PBXBuildFile; fileRef = 082C522A207C741D00324DCC /* manufacturers.json */; };
		082C522D207EEB1900324DCC /* MainTypesUseCaseTests.swift in Sources */ = {isa = PBXBuildFile; fileRef = 082C522C207EEB1900324DCC /* MainTypesUseCaseTests.swift */; };
		082C5233207EEE7500324DCC /* MainType.swift in Sources */ = {isa = PBXBuildFile; fileRef = 082C5232207EEE7500324DCC /* MainType.swift */; };
		082C5235207EEF4F00324DCC /* MainTypesList.swift in Sources */ = {isa = PBXBuildFile; fileRef = 082C5234207EEF4F00324DCC /* MainTypesList.swift */; };
		082C5237207EEFB000324DCC /* MainTypesListImpl.swift in Sources */ = {isa = PBXBuildFile; fileRef = 082C5236207EEFB000324DCC /* MainTypesListImpl.swift */; };
		082C5239207EF05100324DCC /* MainTypesListDataProvider.swift in Sources */ = {isa = PBXBuildFile; fileRef = 082C5238207EF05100324DCC /* MainTypesListDataProvider.swift */; };
		082C523B207EF2B700324DCC /* MockMainTypesListDataProvider.swift in Sources */ = {isa = PBXBuildFile; fileRef = 082C523A207EF2B700324DCC /* MockMainTypesListDataProvider.swift */; };
		082C523E207EF40E00324DCC /* JsonUtils.swift in Sources */ = {isa = PBXBuildFile; fileRef = 082C523D207EF40E00324DCC /* JsonUtils.swift */; };
		082C5240207EF70800324DCC /* mainTypesRenault.json in Resources */ = {isa = PBXBuildFile; fileRef = 082C523F207EF70700324DCC /* mainTypesRenault.json */; };
		082C5243207F009A00324DCC /* ManufacturersService.swift in Sources */ = {isa = PBXBuildFile; fileRef = 082C5242207F009A00324DCC /* ManufacturersService.swift */; };
		082C5245207F06DD00324DCC /* MainTypesService.swift in Sources */ = {isa = PBXBuildFile; fileRef = 082C5244207F06DD00324DCC /* MainTypesService.swift */; };
		082C5248207F16BB00324DCC /* Alamofire.framework in Frameworks */ = {isa = PBXBuildFile; fileRef = 082C5247207F16BB00324DCC /* Alamofire.framework */; };
		082C524B207F1AB800324DCC /* ManufacturersServiceTests.swift in Sources */ = {isa = PBXBuildFile; fileRef = 082C524A207F1AB800324DCC /* ManufacturersServiceTests.swift */; };
		082C524C207F1C8500324DCC /* Alamofire.framework in Frameworks */ = {isa = PBXBuildFile; fileRef = 082C5247207F16BB00324DCC /* Alamofire.framework */; };
		082C524D207F1C8500324DCC /* Alamofire.framework in Embed Frameworks */ = {isa = PBXBuildFile; fileRef = 082C5247207F16BB00324DCC /* Alamofire.framework */; settings = {ATTRIBUTES = (CodeSignOnCopy, RemoveHeadersOnCopy, ); }; };
		082C5250207F235800324DCC /* MainTypesServiceTests.swift in Sources */ = {isa = PBXBuildFile; fileRef = 082C524F207F235800324DCC /* MainTypesServiceTests.swift */; };
		082C5254207F27DD00324DCC /* ManufacturersListViewModel.swift in Sources */ = {isa = PBXBuildFile; fileRef = 082C5253207F27DD00324DCC /* ManufacturersListViewModel.swift */; };
		082C5257207F2B2400324DCC /* ManufacturersListViewModelTests.swift in Sources */ = {isa = PBXBuildFile; fileRef = 082C5256207F2B2400324DCC /* ManufacturersListViewModelTests.swift */; };
		082C5259207F2CCE00324DCC /* MockUseCasesLocator.swift in Sources */ = {isa = PBXBuildFile; fileRef = 082C5258207F2CCE00324DCC /* MockUseCasesLocator.swift */; };
/* End PBXBuildFile section */

/* Begin PBXContainerItemProxy section */
		082C520720770D0A00324DCC /* PBXContainerItemProxy */ = {
			isa = PBXContainerItemProxy;
			containerPortal = 082C51EA20770D0A00324DCC /* Project object */;
			proxyType = 1;
			remoteGlobalIDString = 082C51F120770D0A00324DCC;
			remoteInfo = CarCompany;
		};
/* End PBXContainerItemProxy section */

/* Begin PBXCopyFilesBuildPhase section */
		082C524E207F1C8500324DCC /* Embed Frameworks */ = {
			isa = PBXCopyFilesBuildPhase;
			buildActionMask = 2147483647;
			dstPath = "";
			dstSubfolderSpec = 10;
			files = (
				082C524D207F1C8500324DCC /* Alamofire.framework in Embed Frameworks */,
			);
			name = "Embed Frameworks";
			runOnlyForDeploymentPostprocessing = 0;
		};
/* End PBXCopyFilesBuildPhase section */

/* Begin PBXFileReference section */
		082C51F220770D0A00324DCC /* CarCompany.app */ = {isa = PBXFileReference; explicitFileType = wrapper.application; includeInIndex = 0; path = CarCompany.app; sourceTree = BUILT_PRODUCTS_DIR; };
		082C51F520770D0A00324DCC /* AppDelegate.swift */ = {isa = PBXFileReference; lastKnownFileType = sourcecode.swift; path = AppDelegate.swift; sourceTree = "<group>"; };
		082C51F720770D0A00324DCC /* ViewController.swift */ = {isa = PBXFileReference; lastKnownFileType = sourcecode.swift; path = ViewController.swift; sourceTree = "<group>"; };
		082C51FA20770D0A00324DCC /* Base */ = {isa = PBXFileReference; lastKnownFileType = file.storyboard; name = Base; path = Base.lproj/Main.storyboard; sourceTree = "<group>"; };
		082C51FC20770D0A00324DCC /* Assets.xcassets */ = {isa = PBXFileReference; lastKnownFileType = folder.assetcatalog; path = Assets.xcassets; sourceTree = "<group>"; };
		082C51FF20770D0A00324DCC /* Base */ = {isa = PBXFileReference; lastKnownFileType = file.storyboard; name = Base; path = Base.lproj/LaunchScreen.storyboard; sourceTree = "<group>"; };
		082C520120770D0A00324DCC /* Info.plist */ = {isa = PBXFileReference; lastKnownFileType = text.plist.xml; path = Info.plist; sourceTree = "<group>"; };
		082C520620770D0A00324DCC /* CarCompanyTests.xctest */ = {isa = PBXFileReference; explicitFileType = wrapper.cfbundle; includeInIndex = 0; path = CarCompanyTests.xctest; sourceTree = BUILT_PRODUCTS_DIR; };
		082C520A20770D0A00324DCC /* ManufacturersUseCaseTests.swift */ = {isa = PBXFileReference; lastKnownFileType = sourcecode.swift; path = ManufacturersUseCaseTests.swift; sourceTree = "<group>"; };
		082C520C20770D0A00324DCC /* Info.plist */ = {isa = PBXFileReference; lastKnownFileType = text.plist.xml; path = Info.plist; sourceTree = "<group>"; };
		082C521820772DDD00324DCC /* ManufacturersList.swift */ = {isa = PBXFileReference; lastKnownFileType = sourcecode.swift; path = ManufacturersList.swift; sourceTree = "<group>"; };
		082C521B2077301100324DCC /* Manufacturer.swift */ = {isa = PBXFileReference; lastKnownFileType = sourcecode.swift; path = Manufacturer.swift; sourceTree = "<group>"; };
		082C521D2079408000324DCC /* ManufacturersListImpl.swift */ = {isa = PBXFileReference; lastKnownFileType = sourcecode.swift; path = ManufacturersListImpl.swift; sourceTree = "<group>"; };
		082C52202079448D00324DCC /* ManufacturersListDataProvider.swift */ = {isa = PBXFileReference; lastKnownFileType = sourcecode.swift; path = ManufacturersListDataProvider.swift; sourceTree = "<group>"; };
		082C52242079465600324DCC /* UseCasesLocator.swift */ = {isa = PBXFileReference; lastKnownFileType = sourcecode.swift; path = UseCasesLocator.swift; sourceTree = "<group>"; };
		082C5227207C6D5700324DCC /* MockManufacturersListDataProvider.swift */ = {isa = PBXFileReference; lastKnownFileType = sourcecode.swift; path = MockManufacturersListDataProvider.swift; sourceTree = "<group>"; };
		082C522A207C741D00324DCC /* manufacturers.json */ = {isa = PBXFileReference; fileEncoding = 4; lastKnownFileType = text.json; path = manufacturers.json; sourceTree = "<group>"; };
		082C522C207EEB1900324DCC /* MainTypesUseCaseTests.swift */ = {isa = PBXFileReference; lastKnownFileType = sourcecode.swift; path = MainTypesUseCaseTests.swift; sourceTree = "<group>"; };
		082C5232207EEE7500324DCC /* MainType.swift */ = {isa = PBXFileReference; lastKnownFileType = sourcecode.swift; path = MainType.swift; sourceTree = "<group>"; };
		082C5234207EEF4F00324DCC /* MainTypesList.swift */ = {isa = PBXFileReference; lastKnownFileType = sourcecode.swift; path = MainTypesList.swift; sourceTree = "<group>"; };
		082C5236207EEFB000324DCC /* MainTypesListImpl.swift */ = {isa = PBXFileReference; lastKnownFileType = sourcecode.swift; path = MainTypesListImpl.swift; sourceTree = "<group>"; };
		082C5238207EF05100324DCC /* MainTypesListDataProvider.swift */ = {isa = PBXFileReference; lastKnownFileType = sourcecode.swift; path = MainTypesListDataProvider.swift; sourceTree = "<group>"; };
		082C523A207EF2B700324DCC /* MockMainTypesListDataProvider.swift */ = {isa = PBXFileReference; lastKnownFileType = sourcecode.swift; path = MockMainTypesListDataProvider.swift; sourceTree = "<group>"; };
		082C523D207EF40E00324DCC /* JsonUtils.swift */ = {isa = PBXFileReference; lastKnownFileType = sourcecode.swift; path = JsonUtils.swift; sourceTree = "<group>"; };
		082C523F207EF70700324DCC /* mainTypesRenault.json */ = {isa = PBXFileReference; fileEncoding = 4; lastKnownFileType = text.json; path = mainTypesRenault.json; sourceTree = "<group>"; };
		082C5242207F009A00324DCC /* ManufacturersService.swift */ = {isa = PBXFileReference; lastKnownFileType = sourcecode.swift; path = ManufacturersService.swift; sourceTree = "<group>"; };
		082C5244207F06DD00324DCC /* MainTypesService.swift */ = {isa = PBXFileReference; lastKnownFileType = sourcecode.swift; path = MainTypesService.swift; sourceTree = "<group>"; };
		082C5247207F16BB00324DCC /* Alamofire.framework */ = {isa = PBXFileReference; lastKnownFileType = wrapper.framework; name = Alamofire.framework; path = Carthage/Build/iOS/Alamofire.framework; sourceTree = "<group>"; };
		082C524A207F1AB800324DCC /* ManufacturersServiceTests.swift */ = {isa = PBXFileReference; lastKnownFileType = sourcecode.swift; path = ManufacturersServiceTests.swift; sourceTree = "<group>"; };
		082C524F207F235800324DCC /* MainTypesServiceTests.swift */ = {isa = PBXFileReference; lastKnownFileType = sourcecode.swift; path = MainTypesServiceTests.swift; sourceTree = "<group>"; };
		082C5253207F27DD00324DCC /* ManufacturersListViewModel.swift */ = {isa = PBXFileReference; lastKnownFileType = sourcecode.swift; path = ManufacturersListViewModel.swift; sourceTree = "<group>"; };
		082C5256207F2B2400324DCC /* ManufacturersListViewModelTests.swift */ = {isa = PBXFileReference; lastKnownFileType = sourcecode.swift; path = ManufacturersListViewModelTests.swift; sourceTree = "<group>"; };
		082C5258207F2CCE00324DCC /* MockUseCasesLocator.swift */ = {isa = PBXFileReference; lastKnownFileType = sourcecode.swift; path = MockUseCasesLocator.swift; sourceTree = "<group>"; };
/* End PBXFileReference section */

/* Begin PBXFrameworksBuildPhase section */
		082C51EF20770D0A00324DCC /* Frameworks */ = {
			isa = PBXFrameworksBuildPhase;
			buildActionMask = 2147483647;
			files = (
				082C5248207F16BB00324DCC /* Alamofire.framework in Frameworks */,
				082C524C207F1C8500324DCC /* Alamofire.framework in Frameworks */,
			);
			runOnlyForDeploymentPostprocessing = 0;
		};
		082C520320770D0A00324DCC /* Frameworks */ = {
			isa = PBXFrameworksBuildPhase;
			buildActionMask = 2147483647;
			files = (
			);
			runOnlyForDeploymentPostprocessing = 0;
		};
/* End PBXFrameworksBuildPhase section */

/* Begin PBXGroup section */
		082C51E920770D0A00324DCC = {
			isa = PBXGroup;
			children = (
				082C51F420770D0A00324DCC /* CarCompany */,
				082C520920770D0A00324DCC /* CarCompanyTests */,
				082C51F320770D0A00324DCC /* Products */,
				082C5246207F16BA00324DCC /* Frameworks */,
			);
			sourceTree = "<group>";
		};
		082C51F320770D0A00324DCC /* Products */ = {
			isa = PBXGroup;
			children = (
				082C51F220770D0A00324DCC /* CarCompany.app */,
				082C520620770D0A00324DCC /* CarCompanyTests.xctest */,
			);
			name = Products;
			sourceTree = "<group>";
		};
		082C51F420770D0A00324DCC /* CarCompany */ = {
			isa = PBXGroup;
			children = (
				082C52222079463A00324DCC /* Core */,
				082C52152077258600324DCC /* Modules */,
				082C51F520770D0A00324DCC /* AppDelegate.swift */,
				082C51F720770D0A00324DCC /* ViewController.swift */,
				082C51F920770D0A00324DCC /* Main.storyboard */,
				082C51FC20770D0A00324DCC /* Assets.xcassets */,
				082C51FE20770D0A00324DCC /* LaunchScreen.storyboard */,
				082C520120770D0A00324DCC /* Info.plist */,
			);
			path = CarCompany;
			sourceTree = "<group>";
		};
		082C520920770D0A00324DCC /* CarCompanyTests */ = {
			isa = PBXGroup;
			children = (
				082C5255207F2AF000324DCC /* ViewModels */,
				082C5249207F1AA400324DCC /* Services */,
				082C523C207EF3B400324DCC /* Utils */,
				082C5229207C723200324DCC /* Resources */,
				082C5226207C6C5400324DCC /* Mocks */,
				082C522C207EEB1900324DCC /* MainTypesUseCaseTests.swift */,
				082C520A20770D0A00324DCC /* ManufacturersUseCaseTests.swift */,
				082C520C20770D0A00324DCC /* Info.plist */,
			);
			path = CarCompanyTests;
			sourceTree = "<group>";
		};
		082C52152077258600324DCC /* Modules */ = {
			isa = PBXGroup;
			children = (
				082C522E207EEE2600324DCC /* MainTypes */,
				082C52162077258600324DCC /* Manufacturers */,
			);
			path = Modules;
			sourceTree = "<group>";
		};
		082C52162077258600324DCC /* Manufacturers */ = {
			isa = PBXGroup;
			children = (
				082C5251207F27AF00324DCC /* UI */,
				082C521A20772F8000324DCC /* Model */,
				082C521F207941AF00324DCC /* Provider */,
				082C521720772DA800324DCC /* UseCase */,
			);
			path = Manufacturers;
			sourceTree = "<group>";
		};
		082C521720772DA800324DCC /* UseCase */ = {
			isa = PBXGroup;
			children = (
				082C521820772DDD00324DCC /* ManufacturersList.swift */,
				082C521D2079408000324DCC /* ManufacturersListImpl.swift */,
			);
			path = UseCase;
			sourceTree = "<group>";
		};
		082C521A20772F8000324DCC /* Model */ = {
			isa = PBXGroup;
			children = (
				082C521B2077301100324DCC /* Manufacturer.swift */,
			);
			path = Model;
			sourceTree = "<group>";
		};
		082C521F207941AF00324DCC /* Provider */ = {
			isa = PBXGroup;
			children = (
				082C52202079448D00324DCC /* ManufacturersListDataProvider.swift */,
			);
			path = Provider;
			sourceTree = "<group>";
		};
		082C52222079463A00324DCC /* Core */ = {
			isa = PBXGroup;
			children = (
				082C5241207F007400324DCC /* Services */,
				082C52232079463A00324DCC /* UseCases */,
			);
			name = Core;
			path = Modules/Core;
			sourceTree = "<group>";
		};
		082C52232079463A00324DCC /* UseCases */ = {
			isa = PBXGroup;
			children = (
				082C52242079465600324DCC /* UseCasesLocator.swift */,
			);
			path = UseCases;
			sourceTree = "<group>";
		};
		082C5226207C6C5400324DCC /* Mocks */ = {
			isa = PBXGroup;
			children = (
				082C5227207C6D5700324DCC /* MockManufacturersListDataProvider.swift */,
				082C523A207EF2B700324DCC /* MockMainTypesListDataProvider.swift */,
				082C5258207F2CCE00324DCC /* MockUseCasesLocator.swift */,
			);
			path = Mocks;
			sourceTree = "<group>";
		};
		082C5229207C723200324DCC /* Resources */ = {
			isa = PBXGroup;
			children = (
				082C523F207EF70700324DCC /* mainTypesRenault.json */,
				082C522A207C741D00324DCC /* manufacturers.json */,
			);
			path = Resources;
			sourceTree = "<group>";
		};
		082C522E207EEE2600324DCC /* MainTypes */ = {
			isa = PBXGroup;
			children = (
				082C5230207EEE4000324DCC /* Model */,
				082C522F207EEE3700324DCC /* Provider */,
				082C5231207EEE5900324DCC /* UseCase */,
			);
			path = MainTypes;
			sourceTree = "<group>";
		};
		082C522F207EEE3700324DCC /* Provider */ = {
			isa = PBXGroup;
			children = (
				082C5238207EF05100324DCC /* MainTypesListDataProvider.swift */,
			);
			path = Provider;
			sourceTree = "<group>";
		};
		082C5230207EEE4000324DCC /* Model */ = {
			isa = PBXGroup;
			children = (
				082C5232207EEE7500324DCC /* MainType.swift */,
			);
			path = Model;
			sourceTree = "<group>";
		};
		082C5231207EEE5900324DCC /* UseCase */ = {
			isa = PBXGroup;
			children = (
				082C5234207EEF4F00324DCC /* MainTypesList.swift */,
				082C5236207EEFB000324DCC /* MainTypesListImpl.swift */,
			);
			path = UseCase;
			sourceTree = "<group>";
		};
		082C523C207EF3B400324DCC /* Utils */ = {
			isa = PBXGroup;
			children = (
				082C523D207EF40E00324DCC /* JsonUtils.swift */,
			);
			path = Utils;
			sourceTree = "<group>";
		};
		082C5241207F007400324DCC /* Services */ = {
			isa = PBXGroup;
			children = (
				082C5242207F009A00324DCC /* ManufacturersService.swift */,
				082C5244207F06DD00324DCC /* MainTypesService.swift */,
			);
			path = Services;
			sourceTree = "<group>";
		};
		082C5246207F16BA00324DCC /* Frameworks */ = {
			isa = PBXGroup;
			children = (
				082C5247207F16BB00324DCC /* Alamofire.framework */,
			);
			name = Frameworks;
			sourceTree = "<group>";
		};
		082C5249207F1AA400324DCC /* Services */ = {
			isa = PBXGroup;
			children = (
				082C524A207F1AB800324DCC /* ManufacturersServiceTests.swift */,
				082C524F207F235800324DCC /* MainTypesServiceTests.swift */,
			);
			path = Services;
			sourceTree = "<group>";
		};
		082C5251207F27AF00324DCC /* UI */ = {
			isa = PBXGroup;
			children = (
				082C5253207F27DD00324DCC /* ManufacturersListViewModel.swift */,
			);
			path = UI;
			sourceTree = "<group>";
		};
		082C5255207F2AF000324DCC /* ViewModels */ = {
			isa = PBXGroup;
			children = (
				082C5256207F2B2400324DCC /* ManufacturersListViewModelTests.swift */,
			);
			path = ViewModels;
			sourceTree = "<group>";
		};
/* End PBXGroup section */

/* Begin PBXNativeTarget section */
		082C51F120770D0A00324DCC /* CarCompany */ = {
			isa = PBXNativeTarget;
			buildConfigurationList = 082C520F20770D0A00324DCC /* Build configuration list for PBXNativeTarget "CarCompany" */;
			buildPhases = (
				082C51EE20770D0A00324DCC /* Sources */,
				082C51EF20770D0A00324DCC /* Frameworks */,
				082C51F020770D0A00324DCC /* Resources */,
				082C524E207F1C8500324DCC /* Embed Frameworks */,
			);
			buildRules = (
			);
			dependencies = (
			);
			name = CarCompany;
			productName = CarCompany;
			productReference = 082C51F220770D0A00324DCC /* CarCompany.app */;
			productType = "com.apple.product-type.application";
		};
		082C520520770D0A00324DCC /* CarCompanyTests */ = {
			isa = PBXNativeTarget;
			buildConfigurationList = 082C521220770D0A00324DCC /* Build configuration list for PBXNativeTarget "CarCompanyTests" */;
			buildPhases = (
				082C520220770D0A00324DCC /* Sources */,
				082C520320770D0A00324DCC /* Frameworks */,
				082C520420770D0A00324DCC /* Resources */,
			);
			buildRules = (
			);
			dependencies = (
				082C520820770D0A00324DCC /* PBXTargetDependency */,
			);
			name = CarCompanyTests;
			productName = CarCompanyTests;
			productReference = 082C520620770D0A00324DCC /* CarCompanyTests.xctest */;
			productType = "com.apple.product-type.bundle.unit-test";
		};
/* End PBXNativeTarget section */

/* Begin PBXProject section */
		082C51EA20770D0A00324DCC /* Project object */ = {
			isa = PBXProject;
			attributes = {
				LastSwiftUpdateCheck = 0920;
				LastUpgradeCheck = 0920;
				ORGANIZATIONNAME = "Jhon Jaiver López";
				TargetAttributes = {
					082C51F120770D0A00324DCC = {
						CreatedOnToolsVersion = 9.2;
						ProvisioningStyle = Automatic;
					};
					082C520520770D0A00324DCC = {
						CreatedOnToolsVersion = 9.2;
						ProvisioningStyle = Automatic;
						TestTargetID = 082C51F120770D0A00324DCC;
					};
				};
			};
			buildConfigurationList = 082C51ED20770D0A00324DCC /* Build configuration list for PBXProject "CarCompany" */;
			compatibilityVersion = "Xcode 8.0";
			developmentRegion = en;
			hasScannedForEncodings = 0;
			knownRegions = (
				en,
				Base,
			);
			mainGroup = 082C51E920770D0A00324DCC;
			productRefGroup = 082C51F320770D0A00324DCC /* Products */;
			projectDirPath = "";
			projectRoot = "";
			targets = (
				082C51F120770D0A00324DCC /* CarCompany */,
				082C520520770D0A00324DCC /* CarCompanyTests */,
			);
		};
/* End PBXProject section */

/* Begin PBXResourcesBuildPhase section */
		082C51F020770D0A00324DCC /* Resources */ = {
			isa = PBXResourcesBuildPhase;
			buildActionMask = 2147483647;
			files = (
				082C520020770D0A00324DCC /* LaunchScreen.storyboard in Resources */,
				082C51FD20770D0A00324DCC /* Assets.xcassets in Resources */,
				082C51FB20770D0A00324DCC /* Main.storyboard in Resources */,
			);
			runOnlyForDeploymentPostprocessing = 0;
		};
		082C520420770D0A00324DCC /* Resources */ = {
			isa = PBXResourcesBuildPhase;
			buildActionMask = 2147483647;
			files = (
				082C5240207EF70800324DCC /* mainTypesRenault.json in Resources */,
				082C522B207C741D00324DCC /* manufacturers.json in Resources */,
			);
			runOnlyForDeploymentPostprocessing = 0;
		};
/* End PBXResourcesBuildPhase section */

/* Begin PBXSourcesBuildPhase section */
		082C51EE20770D0A00324DCC /* Sources */ = {
			isa = PBXSourcesBuildPhase;
			buildActionMask = 2147483647;
			files = (
				082C5233207EEE7500324DCC /* MainType.swift in Sources */,
				082C521920772DDD00324DCC /* ManufacturersList.swift in Sources */,
				082C52252079465600324DCC /* UseCasesLocator.swift in Sources */,
				082C5235207EEF4F00324DCC /* MainTypesList.swift in Sources */,
				082C51F820770D0A00324DCC /* ViewController.swift in Sources */,
				082C5254207F27DD00324DCC /* ManufacturersListViewModel.swift in Sources */,
				082C521C2077301100324DCC /* Manufacturer.swift in Sources */,
				082C5239207EF05100324DCC /* MainTypesListDataProvider.swift in Sources */,
				082C52212079448D00324DCC /* ManufacturersListDataProvider.swift in Sources */,
				082C521E2079408000324DCC /* ManufacturersListImpl.swift in Sources */,
				082C5237207EEFB000324DCC /* MainTypesListImpl.swift in Sources */,
				082C5243207F009A00324DCC /* ManufacturersService.swift in Sources */,
				082C51F620770D0A00324DCC /* AppDelegate.swift in Sources */,
				082C5245207F06DD00324DCC /* MainTypesService.swift in Sources */,
			);
			runOnlyForDeploymentPostprocessing = 0;
		};
		082C520220770D0A00324DCC /* Sources */ = {
			isa = PBXSourcesBuildPhase;
			buildActionMask = 2147483647;
			files = (
				082C524B207F1AB800324DCC /* ManufacturersServiceTests.swift in Sources */,
				082C520B20770D0A00324DCC /* ManufacturersUseCaseTests.swift in Sources */,
				082C522D207EEB1900324DCC /* MainTypesUseCaseTests.swift in Sources */,
				082C5259207F2CCE00324DCC /* MockUseCasesLocator.swift in Sources */,
				082C523E207EF40E00324DCC /* JsonUtils.swift in Sources */,
				082C5250207F235800324DCC /* MainTypesServiceTests.swift in Sources */,
				082C5228207C6D5700324DCC /* MockManufacturersListDataProvider.swift in Sources */,
				082C5257207F2B2400324DCC /* ManufacturersListViewModelTests.swift in Sources */,
				082C523B207EF2B700324DCC /* MockMainTypesListDataProvider.swift in Sources */,
			);
			runOnlyForDeploymentPostprocessing = 0;
		};
/* End PBXSourcesBuildPhase section */

/* Begin PBXTargetDependency section */
		082C520820770D0A00324DCC /* PBXTargetDependency */ = {
			isa = PBXTargetDependency;
			target = 082C51F120770D0A00324DCC /* CarCompany */;
			targetProxy = 082C520720770D0A00324DCC /* PBXContainerItemProxy */;
		};
/* End PBXTargetDependency section */

/* Begin PBXVariantGroup section */
		082C51F920770D0A00324DCC /* Main.storyboard */ = {
			isa = PBXVariantGroup;
			children = (
				082C51FA20770D0A00324DCC /* Base */,
			);
			name = Main.storyboard;
			sourceTree = "<group>";
		};
		082C51FE20770D0A00324DCC /* LaunchScreen.storyboard */ = {
			isa = PBXVariantGroup;
			children = (
				082C51FF20770D0A00324DCC /* Base */,
			);
			name = LaunchScreen.storyboard;
			sourceTree = "<group>";
		};
/* End PBXVariantGroup section */

/* Begin XCBuildConfiguration section */
		082C520D20770D0A00324DCC /* Debug */ = {
			isa = XCBuildConfiguration;
			buildSettings = {
				ALWAYS_SEARCH_USER_PATHS = NO;
				CLANG_ANALYZER_NONNULL = YES;
				CLANG_ANALYZER_NUMBER_OBJECT_CONVERSION = YES_AGGRESSIVE;
				CLANG_CXX_LANGUAGE_STANDARD = "gnu++14";
				CLANG_CXX_LIBRARY = "libc++";
				CLANG_ENABLE_MODULES = YES;
				CLANG_ENABLE_OBJC_ARC = YES;
				CLANG_WARN_BLOCK_CAPTURE_AUTORELEASING = YES;
				CLANG_WARN_BOOL_CONVERSION = YES;
				CLANG_WARN_COMMA = YES;
				CLANG_WARN_CONSTANT_CONVERSION = YES;
				CLANG_WARN_DIRECT_OBJC_ISA_USAGE = YES_ERROR;
				CLANG_WARN_DOCUMENTATION_COMMENTS = YES;
				CLANG_WARN_EMPTY_BODY = YES;
				CLANG_WARN_ENUM_CONVERSION = YES;
				CLANG_WARN_INFINITE_RECURSION = YES;
				CLANG_WARN_INT_CONVERSION = YES;
				CLANG_WARN_NON_LITERAL_NULL_CONVERSION = YES;
				CLANG_WARN_OBJC_LITERAL_CONVERSION = YES;
				CLANG_WARN_OBJC_ROOT_CLASS = YES_ERROR;
				CLANG_WARN_RANGE_LOOP_ANALYSIS = YES;
				CLANG_WARN_STRICT_PROTOTYPES = YES;
				CLANG_WARN_SUSPICIOUS_MOVE = YES;
				CLANG_WARN_UNGUARDED_AVAILABILITY = YES_AGGRESSIVE;
				CLANG_WARN_UNREACHABLE_CODE = YES;
				CLANG_WARN__DUPLICATE_METHOD_MATCH = YES;
				CODE_SIGN_IDENTITY = "iPhone Developer";
				COPY_PHASE_STRIP = NO;
				DEBUG_INFORMATION_FORMAT = dwarf;
				ENABLE_STRICT_OBJC_MSGSEND = YES;
				ENABLE_TESTABILITY = YES;
				GCC_C_LANGUAGE_STANDARD = gnu11;
				GCC_DYNAMIC_NO_PIC = NO;
				GCC_NO_COMMON_BLOCKS = YES;
				GCC_OPTIMIZATION_LEVEL = 0;
				GCC_PREPROCESSOR_DEFINITIONS = (
					"DEBUG=1",
					"$(inherited)",
				);
				GCC_WARN_64_TO_32_BIT_CONVERSION = YES;
				GCC_WARN_ABOUT_RETURN_TYPE = YES_ERROR;
				GCC_WARN_UNDECLARED_SELECTOR = YES;
				GCC_WARN_UNINITIALIZED_AUTOS = YES_AGGRESSIVE;
				GCC_WARN_UNUSED_FUNCTION = YES;
				GCC_WARN_UNUSED_VARIABLE = YES;
				IPHONEOS_DEPLOYMENT_TARGET = 11.2;
				MTL_ENABLE_DEBUG_INFO = YES;
				ONLY_ACTIVE_ARCH = YES;
				SDKROOT = iphoneos;
				SWIFT_ACTIVE_COMPILATION_CONDITIONS = DEBUG;
				SWIFT_OPTIMIZATION_LEVEL = "-Onone";
			};
			name = Debug;
		};
		082C520E20770D0A00324DCC /* Release */ = {
			isa = XCBuildConfiguration;
			buildSettings = {
				ALWAYS_SEARCH_USER_PATHS = NO;
				CLANG_ANALYZER_NONNULL = YES;
				CLANG_ANALYZER_NUMBER_OBJECT_CONVERSION = YES_AGGRESSIVE;
				CLANG_CXX_LANGUAGE_STANDARD = "gnu++14";
				CLANG_CXX_LIBRARY = "libc++";
				CLANG_ENABLE_MODULES = YES;
				CLANG_ENABLE_OBJC_ARC = YES;
				CLANG_WARN_BLOCK_CAPTURE_AUTORELEASING = YES;
				CLANG_WARN_BOOL_CONVERSION = YES;
				CLANG_WARN_COMMA = YES;
				CLANG_WARN_CONSTANT_CONVERSION = YES;
				CLANG_WARN_DIRECT_OBJC_ISA_USAGE = YES_ERROR;
				CLANG_WARN_DOCUMENTATION_COMMENTS = YES;
				CLANG_WARN_EMPTY_BODY = YES;
				CLANG_WARN_ENUM_CONVERSION = YES;
				CLANG_WARN_INFINITE_RECURSION = YES;
				CLANG_WARN_INT_CONVERSION = YES;
				CLANG_WARN_NON_LITERAL_NULL_CONVERSION = YES;
				CLANG_WARN_OBJC_LITERAL_CONVERSION = YES;
				CLANG_WARN_OBJC_ROOT_CLASS = YES_ERROR;
				CLANG_WARN_RANGE_LOOP_ANALYSIS = YES;
				CLANG_WARN_STRICT_PROTOTYPES = YES;
				CLANG_WARN_SUSPICIOUS_MOVE = YES;
				CLANG_WARN_UNGUARDED_AVAILABILITY = YES_AGGRESSIVE;
				CLANG_WARN_UNREACHABLE_CODE = YES;
				CLANG_WARN__DUPLICATE_METHOD_MATCH = YES;
				CODE_SIGN_IDENTITY = "iPhone Developer";
				COPY_PHASE_STRIP = NO;
				DEBUG_INFORMATION_FORMAT = "dwarf-with-dsym";
				ENABLE_NS_ASSERTIONS = NO;
				ENABLE_STRICT_OBJC_MSGSEND = YES;
				GCC_C_LANGUAGE_STANDARD = gnu11;
				GCC_NO_COMMON_BLOCKS = YES;
				GCC_WARN_64_TO_32_BIT_CONVERSION = YES;
				GCC_WARN_ABOUT_RETURN_TYPE = YES_ERROR;
				GCC_WARN_UNDECLARED_SELECTOR = YES;
				GCC_WARN_UNINITIALIZED_AUTOS = YES_AGGRESSIVE;
				GCC_WARN_UNUSED_FUNCTION = YES;
				GCC_WARN_UNUSED_VARIABLE = YES;
				IPHONEOS_DEPLOYMENT_TARGET = 11.2;
				MTL_ENABLE_DEBUG_INFO = NO;
				SDKROOT = iphoneos;
				SWIFT_OPTIMIZATION_LEVEL = "-Owholemodule";
				VALIDATE_PRODUCT = YES;
			};
			name = Release;
		};
		082C521020770D0A00324DCC /* Debug */ = {
			isa = XCBuildConfiguration;
			buildSettings = {
				ASSETCATALOG_COMPILER_APPICON_NAME = AppIcon;
				CODE_SIGN_STYLE = Automatic;
				DEVELOPMENT_TEAM = N6R4845CW9;
				FRAMEWORK_SEARCH_PATHS = (
					"$(inherited)",
					"$(PROJECT_DIR)/Carthage/Build/iOS",
				);
				INFOPLIST_FILE = CarCompany/Info.plist;
				LD_RUNPATH_SEARCH_PATHS = "$(inherited) @executable_path/Frameworks";
				PRODUCT_BUNDLE_IDENTIFIER = jaiversin.com.CarCompany;
				PRODUCT_NAME = "$(TARGET_NAME)";
				SWIFT_VERSION = 4.0;
				TARGETED_DEVICE_FAMILY = "1,2";
			};
			name = Debug;
		};
		082C521120770D0A00324DCC /* Release */ = {
			isa = XCBuildConfiguration;
			buildSettings = {
				ASSETCATALOG_COMPILER_APPICON_NAME = AppIcon;
				CODE_SIGN_STYLE = Automatic;
				DEVELOPMENT_TEAM = N6R4845CW9;
				FRAMEWORK_SEARCH_PATHS = (
					"$(inherited)",
					"$(PROJECT_DIR)/Carthage/Build/iOS",
				);
				INFOPLIST_FILE = CarCompany/Info.plist;
				LD_RUNPATH_SEARCH_PATHS = "$(inherited) @executable_path/Frameworks";
				PRODUCT_BUNDLE_IDENTIFIER = jaiversin.com.CarCompany;
				PRODUCT_NAME = "$(TARGET_NAME)";
				SWIFT_VERSION = 4.0;
				TARGETED_DEVICE_FAMILY = "1,2";
			};
			name = Release;
		};
		082C521320770D0A00324DCC /* Debug */ = {
			isa = XCBuildConfiguration;
			buildSettings = {
				ALWAYS_EMBED_SWIFT_STANDARD_LIBRARIES = YES;
				BUNDLE_LOADER = "$(TEST_HOST)";
				CODE_SIGN_STYLE = Automatic;
				DEVELOPMENT_TEAM = N6R4845CW9;
				INFOPLIST_FILE = CarCompanyTests/Info.plist;
				LD_RUNPATH_SEARCH_PATHS = "$(inherited) @executable_path/Frameworks @loader_path/Frameworks";
				PRODUCT_BUNDLE_IDENTIFIER = jaiversin.com.CarCompanyTests;
				PRODUCT_NAME = "$(TARGET_NAME)";
				SWIFT_VERSION = 4.0;
				TARGETED_DEVICE_FAMILY = "1,2";
				TEST_HOST = "$(BUILT_PRODUCTS_DIR)/CarCompany.app/CarCompany";
			};
			name = Debug;
		};
		082C521420770D0A00324DCC /* Release */ = {
			isa = XCBuildConfiguration;
			buildSettings = {
				ALWAYS_EMBED_SWIFT_STANDARD_LIBRARIES = YES;
				BUNDLE_LOADER = "$(TEST_HOST)";
				CODE_SIGN_STYLE = Automatic;
				DEVELOPMENT_TEAM = N6R4845CW9;
				INFOPLIST_FILE = CarCompanyTests/Info.plist;
				LD_RUNPATH_SEARCH_PATHS = "$(inherited) @executable_path/Frameworks @loader_path/Frameworks";
				PRODUCT_BUNDLE_IDENTIFIER = jaiversin.com.CarCompanyTests;
				PRODUCT_NAME = "$(TARGET_NAME)";
				SWIFT_VERSION = 4.0;
				TARGETED_DEVICE_FAMILY = "1,2";
				TEST_HOST = "$(BUILT_PRODUCTS_DIR)/CarCompany.app/CarCompany";
			};
			name = Release;
		};
/* End XCBuildConfiguration section */

/* Begin XCConfigurationList section */
		082C51ED20770D0A00324DCC /* Build configuration list for PBXProject "CarCompany" */ = {
			isa = XCConfigurationList;
			buildConfigurations = (
				082C520D20770D0A00324DCC /* Debug */,
				082C520E20770D0A00324DCC /* Release */,
			);
			defaultConfigurationIsVisible = 0;
			defaultConfigurationName = Release;
		};
		082C520F20770D0A00324DCC /* Build configuration list for PBXNativeTarget "CarCompany" */ = {
			isa = XCConfigurationList;
			buildConfigurations = (
				082C521020770D0A00324DCC /* Debug */,
				082C521120770D0A00324DCC /* Release */,
			);
			defaultConfigurationIsVisible = 0;
			defaultConfigurationName = Release;
		};
		082C521220770D0A00324DCC /* Build configuration list for PBXNativeTarget "CarCompanyTests" */ = {
			isa = XCConfigurationList;
			buildConfigurations = (
				082C521320770D0A00324DCC /* Debug */,
				082C521420770D0A00324DCC /* Release */,
			);
			defaultConfigurationIsVisible = 0;
			defaultConfigurationName = Release;
		};
/* End XCConfigurationList section */
	};
	rootObject = 082C51EA20770D0A00324DCC /* Project object */;
}
